# THIS IS AN AUTOGENERATED FILE. DO NOT EDIT THIS FILE DIRECTLY.
# yarn lockfile v1


"@types/js-cookie@^3.0.2":
  version "3.0.2"
  resolved "https://registry.yarnpkg.com/@types/js-cookie/-/js-cookie-3.0.2.tgz#451eaeece64c6bdac8b2dde0caab23b085899e0d"
  integrity sha512-6+0ekgfusHftJNYpihfkMu8BWdeHs9EOJuGcSofErjstGPfPGEu9yTu4t460lTzzAMl2cM5zngQJqPMHbbnvYA==

"@types/node@^18.0.0":
  version "18.0.0"
  resolved "https://registry.npmjs.org/@types/node/-/node-18.0.0.tgz"
  integrity sha512-cHlGmko4gWLVI27cGJntjs/Sj8th9aYwplmZFwmmgYQQvL5NUsgVJG7OddLvNfLqYS31KFN0s3qlaD9qCaxACA==

crypto@^1.0.1:
  version "1.0.1"
  resolved "https://registry.npmjs.org/crypto/-/crypto-1.0.1.tgz"
  integrity sha512-VxBKmeNcqQdiUQUW2Tzq0t377b54N2bMtXO/qiLa+6eRRmmC4qT3D4OnTGoT/U6O9aklQ/jTwbOtRMTTY8G0Ig==

js-cookie@^3.0.1:
  version "3.0.1"
  resolved "https://registry.yarnpkg.com/js-cookie/-/js-cookie-3.0.1.tgz#9e39b4c6c2f56563708d7d31f6f5f21873a92414"
  integrity sha512-+0rgsUXZu4ncpPxRL+lNEptWMOWl9etvPHc/koSRp6MPwpRYAhmk0dUG00J4bxVV3r9uUzfo24wW0knS07SKSw==

tslib@^2.4.0:
  version "2.4.0"
  resolved "https://registry.yarnpkg.com/tslib/-/tslib-2.4.0.tgz#7cecaa7f073ce680a05847aa77be941098f36dc3"
  integrity sha512-d6xOpEDfsi2CZVlPQzGeux8XMwLT9hssAsaPYExaQMuYskwb+x1x7J371tWlbBdWHroy99KnVB6qIkUbs5X3UQ==
